// !$*UTF8*$!
{
	archiveVersion = 1;
	classes = {
	};
	objectVersion = 46;
	objects = {

/* Begin PBXBuildFile section */
		801A0DFA19C461240062ECEB /* BMMessage.cpp in Sources */ = {isa = PBXBuildFile; fileRef = 801A0DF319C461240062ECEB /* BMMessage.cpp */; };
		801A0DFC19C461240062ECEB /* crc.cpp in Sources */ = {isa = PBXBuildFile; fileRef = 801A0DF819C461240062ECEB /* crc.cpp */; };
		801A0E2F19C5A7C40062ECEB /* CobsFrame.cpp in Sources */ = {isa = PBXBuildFile; fileRef = 801A0E2D19C5A7C40062ECEB /* CobsFrame.cpp */; };
		801A0E3019C5B1430062ECEB /* cobs.c in Sources */ = {isa = PBXBuildFile; fileRef = 801A0DF619C461240062ECEB /* cobs.c */; };
		80D86CCB19C460C500F565AC /* main.cpp in Sources */ = {isa = PBXBuildFile; fileRef = 80D86CCA19C460C500F565AC /* main.cpp */; };
/* End PBXBuildFile section */

/* Begin PBXCopyFilesBuildPhase section */
		80D86CC519C460C500F565AC /* CopyFiles */ = {
			isa = PBXCopyFilesBuildPhase;
			buildActionMask = 2147483647;
			dstPath = /usr/share/man/man1/;
			dstSubfolderSpec = 0;
			files = (
			);
			runOnlyForDeploymentPostprocessing = 1;
		};
/* End PBXCopyFilesBuildPhase section */

/* Begin PBXFileReference section */
		801A0DF319C461240062ECEB /* BMMessage.cpp */ = {isa = PBXFileReference; fileEncoding = 4; lastKnownFileType = sourcecode.cpp.cpp; path = BMMessage.cpp; sourceTree = "<group>"; };
		801A0DF419C461240062ECEB /* BMMessage.hpp */ = {isa = PBXFileReference; fileEncoding = 4; lastKnownFileType = sourcecode.cpp.h; path = BMMessage.hpp; sourceTree = "<group>"; };
		801A0DF519C461240062ECEB /* Buffer.hpp */ = {isa = PBXFileReference; fileEncoding = 4; lastKnownFileType = sourcecode.cpp.h; path = Buffer.hpp; sourceTree = "<group>"; };
		801A0DF619C461240062ECEB /* cobs.c */ = {isa = PBXFileReference; fileEncoding = 4; lastKnownFileType = sourcecode.c.c; path = cobs.c; sourceTree = "<group>"; };
		801A0DF719C461240062ECEB /* cobs.h */ = {isa = PBXFileReference; fileEncoding = 4; lastKnownFileType = sourcecode.c.h; path = cobs.h; sourceTree = "<group>"; };
		801A0DF819C461240062ECEB /* crc.cpp */ = {isa = PBXFileReference; fileEncoding = 4; lastKnownFileType = sourcecode.cpp.cpp; path = crc.cpp; sourceTree = "<group>"; };
		801A0DF919C461240062ECEB /* crc.hpp */ = {isa = PBXFileReference; fileEncoding = 4; lastKnownFileType = sourcecode.cpp.h; path = crc.hpp; sourceTree = "<group>"; };
		801A0DFE19C461840062ECEB /* Descriptions.cpp */ = {isa = PBXFileReference; lastKnownFileType = sourcecode.cpp.cpp; path = Descriptions.cpp; sourceTree = "<group>"; };
		801A0DFF19C461840062ECEB /* Descriptions.h */ = {isa = PBXFileReference; lastKnownFileType = sourcecode.c.h; path = Descriptions.h; sourceTree = "<group>"; };
		801A0E0019C461840062ECEB /* DummyDescriptions.cpp */ = {isa = PBXFileReference; lastKnownFileType = sourcecode.cpp.cpp; path = DummyDescriptions.cpp; sourceTree = "<group>"; };
		801A0E0119C461840062ECEB /* DummyDescriptions.h */ = {isa = PBXFileReference; lastKnownFileType = sourcecode.c.h; path = DummyDescriptions.h; sourceTree = "<group>"; };
		801A0E0219C461840062ECEB /* ErrorFormatter.h */ = {isa = PBXFileReference; lastKnownFileType = sourcecode.c.h; path = ErrorFormatter.h; sourceTree = "<group>"; };
		801A0E0319C461840062ECEB /* ErrorPrinter.h */ = {isa = PBXFileReference; lastKnownFileType = sourcecode.c.h; path = ErrorPrinter.h; sourceTree = "<group>"; };
		801A0E0419C461840062ECEB /* Flags.h */ = {isa = PBXFileReference; lastKnownFileType = sourcecode.c.h; path = Flags.h; sourceTree = "<group>"; };
		801A0E0519C461840062ECEB /* GlobalFixture.cpp */ = {isa = PBXFileReference; lastKnownFileType = sourcecode.cpp.cpp; path = GlobalFixture.cpp; sourceTree = "<group>"; };
		801A0E0619C461840062ECEB /* GlobalFixture.h */ = {isa = PBXFileReference; lastKnownFileType = sourcecode.c.h; path = GlobalFixture.h; sourceTree = "<group>"; };
		801A0E0719C461840062ECEB /* Gui.h */ = {isa = PBXFileReference; lastKnownFileType = sourcecode.c.h; path = Gui.h; sourceTree = "<group>"; };
		801A0E0819C461840062ECEB /* LinkedList.cpp */ = {isa = PBXFileReference; lastKnownFileType = sourcecode.cpp.cpp; path = LinkedList.cpp; sourceTree = "<group>"; };
		801A0E0919C461840062ECEB /* LinkedList.h */ = {isa = PBXFileReference; lastKnownFileType = sourcecode.c.h; path = LinkedList.h; sourceTree = "<group>"; };
		801A0E0A19C461840062ECEB /* Mock.h */ = {isa = PBXFileReference; lastKnownFileType = sourcecode.c.h; path = Mock.h; sourceTree = "<group>"; };
		801A0E0B19C461840062ECEB /* MSVCErrorPrinter.h */ = {isa = PBXFileReference; lastKnownFileType = sourcecode.c.h; path = MSVCErrorPrinter.h; sourceTree = "<group>"; };
		801A0E0C19C461840062ECEB /* ParenPrinter.h */ = {isa = PBXFileReference; lastKnownFileType = sourcecode.c.h; path = ParenPrinter.h; sourceTree = "<group>"; };
		801A0E0D19C461840062ECEB /* QtGui.h */ = {isa = PBXFileReference; lastKnownFileType = sourcecode.c.h; path = QtGui.h; sourceTree = "<group>"; };
		801A0E0E19C461840062ECEB /* RealDescriptions.cpp */ = {isa = PBXFileReference; lastKnownFileType = sourcecode.cpp.cpp; path = RealDescriptions.cpp; sourceTree = "<group>"; };
		801A0E0F19C461840062ECEB /* RealDescriptions.h */ = {isa = PBXFileReference; lastKnownFileType = sourcecode.c.h; path = RealDescriptions.h; sourceTree = "<group>"; };
		801A0E1019C461840062ECEB /* Root.cpp */ = {isa = PBXFileReference; lastKnownFileType = sourcecode.cpp.cpp; path = Root.cpp; sourceTree = "<group>"; };
		801A0E1119C461840062ECEB /* SelfTest.h */ = {isa = PBXFileReference; lastKnownFileType = sourcecode.c.h; path = SelfTest.h; sourceTree = "<group>"; };
		801A0E1219C461840062ECEB /* StdHeaders.h */ = {isa = PBXFileReference; lastKnownFileType = sourcecode.c.h; path = StdHeaders.h; sourceTree = "<group>"; };
		801A0E1319C461840062ECEB /* StdioFilePrinter.h */ = {isa = PBXFileReference; lastKnownFileType = sourcecode.c.h; path = StdioFilePrinter.h; sourceTree = "<group>"; };
		801A0E1419C461840062ECEB /* StdioPrinter.h */ = {isa = PBXFileReference; lastKnownFileType = sourcecode.c.h; path = StdioPrinter.h; sourceTree = "<group>"; };
		801A0E1519C461840062ECEB /* StdTestSuite.h */ = {isa = PBXFileReference; lastKnownFileType = sourcecode.c.h; path = StdTestSuite.h; sourceTree = "<group>"; };
		801A0E1619C461840062ECEB /* StdValueTraits.h */ = {isa = PBXFileReference; lastKnownFileType = sourcecode.c.h; path = StdValueTraits.h; sourceTree = "<group>"; };
		801A0E1719C461840062ECEB /* TeeListener.h */ = {isa = PBXFileReference; lastKnownFileType = sourcecode.c.h; path = TeeListener.h; sourceTree = "<group>"; };
		801A0E1819C461840062ECEB /* TestListener.h */ = {isa = PBXFileReference; lastKnownFileType = sourcecode.c.h; path = TestListener.h; sourceTree = "<group>"; };
		801A0E1919C461840062ECEB /* TestMain.h */ = {isa = PBXFileReference; lastKnownFileType = sourcecode.c.h; path = TestMain.h; sourceTree = "<group>"; };
		801A0E1A19C461840062ECEB /* TestRunner.h */ = {isa = PBXFileReference; lastKnownFileType = sourcecode.c.h; path = TestRunner.h; sourceTree = "<group>"; };
		801A0E1B19C461840062ECEB /* TestSuite.cpp */ = {isa = PBXFileReference; lastKnownFileType = sourcecode.cpp.cpp; path = TestSuite.cpp; sourceTree = "<group>"; };
		801A0E1C19C461840062ECEB /* TestSuite.h */ = {isa = PBXFileReference; lastKnownFileType = sourcecode.c.h; path = TestSuite.h; sourceTree = "<group>"; };
		801A0E1D19C461840062ECEB /* TestTracker.cpp */ = {isa = PBXFileReference; lastKnownFileType = sourcecode.cpp.cpp; path = TestTracker.cpp; sourceTree = "<group>"; };
		801A0E1E19C461840062ECEB /* TestTracker.h */ = {isa = PBXFileReference; lastKnownFileType = sourcecode.c.h; path = TestTracker.h; sourceTree = "<group>"; };
		801A0E1F19C461840062ECEB /* unix.h */ = {isa = PBXFileReference; lastKnownFileType = sourcecode.c.h; path = unix.h; sourceTree = "<group>"; };
		801A0E2019C461840062ECEB /* ValueTraits.cpp */ = {isa = PBXFileReference; lastKnownFileType = sourcecode.cpp.cpp; path = ValueTraits.cpp; sourceTree = "<group>"; };
		801A0E2119C461840062ECEB /* ValueTraits.h */ = {isa = PBXFileReference; lastKnownFileType = sourcecode.c.h; path = ValueTraits.h; sourceTree = "<group>"; };
		801A0E2219C461840062ECEB /* Win32Gui.h */ = {isa = PBXFileReference; lastKnownFileType = sourcecode.c.h; path = Win32Gui.h; sourceTree = "<group>"; };
		801A0E2319C461840062ECEB /* X11Gui.h */ = {isa = PBXFileReference; lastKnownFileType = sourcecode.c.h; path = X11Gui.h; sourceTree = "<group>"; };
		801A0E2419C461840062ECEB /* XmlFormatter.h */ = {isa = PBXFileReference; lastKnownFileType = sourcecode.c.h; path = XmlFormatter.h; sourceTree = "<group>"; };
		801A0E2519C461840062ECEB /* XmlPrinter.h */ = {isa = PBXFileReference; lastKnownFileType = sourcecode.c.h; path = XmlPrinter.h; sourceTree = "<group>"; };
		801A0E2619C461840062ECEB /* XUnitPrinter.h */ = {isa = PBXFileReference; lastKnownFileType = sourcecode.c.h; path = XUnitPrinter.h; sourceTree = "<group>"; };
		801A0E2719C461840062ECEB /* YesNoRunner.h */ = {isa = PBXFileReference; lastKnownFileType = sourcecode.c.h; path = YesNoRunner.h; sourceTree = "<group>"; };
		801A0E2919C4618F0062ECEB /* BMMessageTest.h */ = {isa = PBXFileReference; lastKnownFileType = sourcecode.c.h; path = BMMessageTest.h; sourceTree = "<group>"; };
		801A0E2A19C494520062ECEB /* DynamicBuffer.hpp */ = {isa = PBXFileReference; lastKnownFileType = sourcecode.cpp.h; path = DynamicBuffer.hpp; sourceTree = "<group>"; };
		801A0E2B19C495300062ECEB /* StaticBuffer.hpp */ = {isa = PBXFileReference; lastKnownFileType = sourcecode.cpp.h; path = StaticBuffer.hpp; sourceTree = "<group>"; };
		801A0E2C19C4954C0062ECEB /* FillBuffer.hpp */ = {isa = PBXFileReference; lastKnownFileType = sourcecode.cpp.h; path = FillBuffer.hpp; sourceTree = "<group>"; };
		801A0E2D19C5A7C40062ECEB /* CobsFrame.cpp */ = {isa = PBXFileReference; fileEncoding = 4; lastKnownFileType = sourcecode.cpp.cpp; path = CobsFrame.cpp; sourceTree = "<group>"; };
		801A0E2E19C5A7C40062ECEB /* CobsFrame.h */ = {isa = PBXFileReference; fileEncoding = 4; lastKnownFileType = sourcecode.c.h; path = CobsFrame.h; sourceTree = "<group>"; };
		801A0E3119C5C1830062ECEB /* CobsFrameTest.h */ = {isa = PBXFileReference; fileEncoding = 4; lastKnownFileType = sourcecode.c.h; path = CobsFrameTest.h; sourceTree = "<group>"; };
		80D86CC719C460C500F565AC /* bottlemail */ = {isa = PBXFileReference; explicitFileType = "compiled.mach-o.executable"; includeInIndex = 0; path = bottlemail; sourceTree = BUILT_PRODUCTS_DIR; };
		80D86CCA19C460C500F565AC /* main.cpp */ = {isa = PBXFileReference; lastKnownFileType = sourcecode.cpp.cpp; path = main.cpp; sourceTree = "<group>"; };
/* End PBXFileReference section */

/* Begin PBXFrameworksBuildPhase section */
		80D86CC419C460C500F565AC /* Frameworks */ = {
			isa = PBXFrameworksBuildPhase;
			buildActionMask = 2147483647;
			files = (
			);
			runOnlyForDeploymentPostprocessing = 0;
		};
/* End PBXFrameworksBuildPhase section */

/* Begin PBXGroup section */
		801A0DFD19C461840062ECEB /* cxxtest */ = {
			isa = PBXGroup;
			children = (
				801A0DFE19C461840062ECEB /* Descriptions.cpp */,
				801A0DFF19C461840062ECEB /* Descriptions.h */,
				801A0E0019C461840062ECEB /* DummyDescriptions.cpp */,
				801A0E0119C461840062ECEB /* DummyDescriptions.h */,
				801A0E0219C461840062ECEB /* ErrorFormatter.h */,
				801A0E0319C461840062ECEB /* ErrorPrinter.h */,
				801A0E0419C461840062ECEB /* Flags.h */,
				801A0E0519C461840062ECEB /* GlobalFixture.cpp */,
				801A0E0619C461840062ECEB /* GlobalFixture.h */,
				801A0E0719C461840062ECEB /* Gui.h */,
				801A0E0819C461840062ECEB /* LinkedList.cpp */,
				801A0E0919C461840062ECEB /* LinkedList.h */,
				801A0E0A19C461840062ECEB /* Mock.h */,
				801A0E0B19C461840062ECEB /* MSVCErrorPrinter.h */,
				801A0E0C19C461840062ECEB /* ParenPrinter.h */,
				801A0E0D19C461840062ECEB /* QtGui.h */,
				801A0E0E19C461840062ECEB /* RealDescriptions.cpp */,
				801A0E0F19C461840062ECEB /* RealDescriptions.h */,
				801A0E1019C461840062ECEB /* Root.cpp */,
				801A0E1119C461840062ECEB /* SelfTest.h */,
				801A0E1219C461840062ECEB /* StdHeaders.h */,
				801A0E1319C461840062ECEB /* StdioFilePrinter.h */,
				801A0E1419C461840062ECEB /* StdioPrinter.h */,
				801A0E1519C461840062ECEB /* StdTestSuite.h */,
				801A0E1619C461840062ECEB /* StdValueTraits.h */,
				801A0E1719C461840062ECEB /* TeeListener.h */,
				801A0E1819C461840062ECEB /* TestListener.h */,
				801A0E1919C461840062ECEB /* TestMain.h */,
				801A0E1A19C461840062ECEB /* TestRunner.h */,
				801A0E1B19C461840062ECEB /* TestSuite.cpp */,
				801A0E1C19C461840062ECEB /* TestSuite.h */,
				801A0E1D19C461840062ECEB /* TestTracker.cpp */,
				801A0E1E19C461840062ECEB /* TestTracker.h */,
				801A0E1F19C461840062ECEB /* unix.h */,
				801A0E2019C461840062ECEB /* ValueTraits.cpp */,
				801A0E2119C461840062ECEB /* ValueTraits.h */,
				801A0E2219C461840062ECEB /* Win32Gui.h */,
				801A0E2319C461840062ECEB /* X11Gui.h */,
				801A0E2419C461840062ECEB /* XmlFormatter.h */,
				801A0E2519C461840062ECEB /* XmlPrinter.h */,
				801A0E2619C461840062ECEB /* XUnitPrinter.h */,
				801A0E2719C461840062ECEB /* YesNoRunner.h */,
			);
			path = cxxtest;
			sourceTree = "<group>";
		};
		801A0E2819C4618F0062ECEB /* unittest */ = {
			isa = PBXGroup;
			children = (
				801A0E3119C5C1830062ECEB /* CobsFrameTest.h */,
				801A0E2919C4618F0062ECEB /* BMMessageTest.h */,
			);
			path = unittest;
			sourceTree = "<group>";
		};
		80D86CBE19C460C500F565AC = {
			isa = PBXGroup;
			children = (
				80D86CC919C460C500F565AC /* bottlemail */,
				80D86CC819C460C500F565AC /* Products */,
			);
			sourceTree = "<group>";
		};
		80D86CC819C460C500F565AC /* Products */ = {
			isa = PBXGroup;
			children = (
				80D86CC719C460C500F565AC /* bottlemail */,
			);
			name = Products;
			sourceTree = "<group>";
		};
		80D86CC919C460C500F565AC /* bottlemail */ = {
			isa = PBXGroup;
			children = (
				801A0E2819C4618F0062ECEB /* unittest */,
				801A0DFD19C461840062ECEB /* cxxtest */,
				801A0E2E19C5A7C40062ECEB /* CobsFrame.h */,
				801A0E2D19C5A7C40062ECEB /* CobsFrame.cpp */,
				801A0DF419C461240062ECEB /* BMMessage.hpp */,
				801A0DF319C461240062ECEB /* BMMessage.cpp */,
				801A0DF519C461240062ECEB /* Buffer.hpp */,
				801A0E2C19C4954C0062ECEB /* FillBuffer.hpp */,
				801A0E2B19C495300062ECEB /* StaticBuffer.hpp */,
				801A0E2A19C494520062ECEB /* DynamicBuffer.hpp */,
				801A0DF619C461240062ECEB /* cobs.c */,
				801A0DF719C461240062ECEB /* cobs.h */,
				801A0DF819C461240062ECEB /* crc.cpp */,
				801A0DF919C461240062ECEB /* crc.hpp */,
				80D86CCA19C460C500F565AC /* main.cpp */,
			);
			path = bottlemail;
			sourceTree = "<group>";
		};
/* End PBXGroup section */

/* Begin PBXNativeTarget section */
		80D86CC619C460C500F565AC /* bottlemail */ = {
			isa = PBXNativeTarget;
			buildConfigurationList = 80D86CCE19C460C500F565AC /* Build configuration list for PBXNativeTarget "bottlemail" */;
			buildPhases = (
				80D86CC319C460C500F565AC /* Sources */,
				80D86CC419C460C500F565AC /* Frameworks */,
				80D86CC519C460C500F565AC /* CopyFiles */,
			);
			buildRules = (
			);
			dependencies = (
			);
			name = bottlemail;
			productName = bottlemail;
			productReference = 80D86CC719C460C500F565AC /* bottlemail */;
			productType = "com.apple.product-type.tool";
		};
/* End PBXNativeTarget section */

/* Begin PBXProject section */
		80D86CBF19C460C500F565AC /* Project object */ = {
			isa = PBXProject;
			attributes = {
				LastUpgradeCheck = 0600;
				ORGANIZATIONNAME = "Jörn Hoffmann";
				TargetAttributes = {
					80D86CC619C460C500F565AC = {
						CreatedOnToolsVersion = 6.0;
					};
				};
			};
			buildConfigurationList = 80D86CC219C460C500F565AC /* Build configuration list for PBXProject "bottlemail" */;
			compatibilityVersion = "Xcode 3.2";
			developmentRegion = English;
			hasScannedForEncodings = 0;
			knownRegions = (
				en,
			);
			mainGroup = 80D86CBE19C460C500F565AC;
			productRefGroup = 80D86CC819C460C500F565AC /* Products */;
			projectDirPath = "";
			projectRoot = "";
			targets = (
				80D86CC619C460C500F565AC /* bottlemail */,
			);
		};
/* End PBXProject section */

/* Begin PBXSourcesBuildPhase section */
		80D86CC319C460C500F565AC /* Sources */ = {
			isa = PBXSourcesBuildPhase;
			buildActionMask = 2147483647;
			files = (
				801A0E3019C5B1430062ECEB /* cobs.c in Sources */,
				801A0DFC19C461240062ECEB /* crc.cpp in Sources */,
				801A0DFA19C461240062ECEB /* BMMessage.cpp in Sources */,
				80D86CCB19C460C500F565AC /* main.cpp in Sources */,
				801A0E2F19C5A7C40062ECEB /* CobsFrame.cpp in Sources */,
			);
			runOnlyForDeploymentPostprocessing = 0;
		};
/* End PBXSourcesBuildPhase section */

/* Begin XCBuildConfiguration section */
		80D86CCC19C460C500F565AC /* Debug */ = {
			isa = XCBuildConfiguration;
			buildSettings = {
				ALWAYS_SEARCH_USER_PATHS = NO;
				CLANG_CXX_LANGUAGE_STANDARD = "gnu++0x";
				CLANG_CXX_LIBRARY = "libc++";
				CLANG_ENABLE_MODULES = YES;
				CLANG_ENABLE_OBJC_ARC = YES;
				CLANG_WARN_BOOL_CONVERSION = YES;
				CLANG_WARN_CONSTANT_CONVERSION = YES;
				CLANG_WARN_DIRECT_OBJC_ISA_USAGE = YES_ERROR;
				CLANG_WARN_EMPTY_BODY = YES;
				CLANG_WARN_ENUM_CONVERSION = YES;
				CLANG_WARN_INT_CONVERSION = YES;
				CLANG_WARN_OBJC_ROOT_CLASS = YES_ERROR;
				CLANG_WARN_UNREACHABLE_CODE = YES;
				CLANG_WARN__DUPLICATE_METHOD_MATCH = YES;
				COPY_PHASE_STRIP = NO;
				ENABLE_STRICT_OBJC_MSGSEND = YES;
				GCC_C_LANGUAGE_STANDARD = gnu99;
				GCC_DYNAMIC_NO_PIC = NO;
				GCC_OPTIMIZATION_LEVEL = 0;
				GCC_PREPROCESSOR_DEFINITIONS = (
					"DEBUG=1",
					"$(inherited)",
				);
				GCC_SYMBOLS_PRIVATE_EXTERN = NO;
				GCC_WARN_64_TO_32_BIT_CONVERSION = YES;
				GCC_WARN_ABOUT_RETURN_TYPE = YES_ERROR;
				GCC_WARN_UNDECLARED_SELECTOR = YES;
				GCC_WARN_UNINITIALIZED_AUTOS = YES_AGGRESSIVE;
				GCC_WARN_UNUSED_FUNCTION = YES;
				GCC_WARN_UNUSED_VARIABLE = YES;
				MACOSX_DEPLOYMENT_TARGET = 10.9;
				MTL_ENABLE_DEBUG_INFO = YES;
				ONLY_ACTIVE_ARCH = YES;
				SDKROOT = macosx;
			};
			name = Debug;
		};
		80D86CCD19C460C500F565AC /* Release */ = {
			isa = XCBuildConfiguration;
			buildSettings = {
				ALWAYS_SEARCH_USER_PATHS = NO;
				CLANG_CXX_LANGUAGE_STANDARD = "gnu++0x";
				CLANG_CXX_LIBRARY = "libc++";
				CLANG_ENABLE_MODULES = YES;
				CLANG_ENABLE_OBJC_ARC = YES;
				CLANG_WARN_BOOL_CONVERSION = YES;
				CLANG_WARN_CONSTANT_CONVERSION = YES;
				CLANG_WARN_DIRECT_OBJC_ISA_USAGE = YES_ERROR;
				CLANG_WARN_EMPTY_BODY = YES;
				CLANG_WARN_ENUM_CONVERSION = YES;
				CLANG_WARN_INT_CONVERSION = YES;
				CLANG_WARN_OBJC_ROOT_CLASS = YES_ERROR;
				CLANG_WARN_UNREACHABLE_CODE = YES;
				CLANG_WARN__DUPLICATE_METHOD_MATCH = YES;
				COPY_PHASE_STRIP = YES;
				DEBUG_INFORMATION_FORMAT = "dwarf-with-dsym";
				ENABLE_NS_ASSERTIONS = NO;
				ENABLE_STRICT_OBJC_MSGSEND = YES;
				GCC_C_LANGUAGE_STANDARD = gnu99;
				GCC_WARN_64_TO_32_BIT_CONVERSION = YES;
				GCC_WARN_ABOUT_RETURN_TYPE = YES_ERROR;
				GCC_WARN_UNDECLARED_SELECTOR = YES;
				GCC_WARN_UNINITIALIZED_AUTOS = YES_AGGRESSIVE;
				GCC_WARN_UNUSED_FUNCTION = YES;
				GCC_WARN_UNUSED_VARIABLE = YES;
				MACOSX_DEPLOYMENT_TARGET = 10.9;
				MTL_ENABLE_DEBUG_INFO = NO;
				SDKROOT = macosx;
			};
			name = Release;
		};
		80D86CCF19C460C500F565AC /* Debug */ = {
			isa = XCBuildConfiguration;
			buildSettings = {
				PRODUCT_NAME = "$(TARGET_NAME)";
			};
			name = Debug;
		};
		80D86CD019C460C500F565AC /* Release */ = {
			isa = XCBuildConfiguration;
			buildSettings = {
				PRODUCT_NAME = "$(TARGET_NAME)";
			};
			name = Release;
		};
/* End XCBuildConfiguration section */

/* Begin XCConfigurationList section */
		80D86CC219C460C500F565AC /* Build configuration list for PBXProject "bottlemail" */ = {
			isa = XCConfigurationList;
			buildConfigurations = (
				80D86CCC19C460C500F565AC /* Debug */,
				80D86CCD19C460C500F565AC /* Release */,
			);
			defaultConfigurationIsVisible = 0;
			defaultConfigurationName = Release;
		};
		80D86CCE19C460C500F565AC /* Build configuration list for PBXNativeTarget "bottlemail" */ = {
			isa = XCConfigurationList;
			buildConfigurations = (
				80D86CCF19C460C500F565AC /* Debug */,
				80D86CD019C460C500F565AC /* Release */,
			);
			defaultConfigurationIsVisible = 0;
			defaultConfigurationName = Release;
		};
/* End XCConfigurationList section */
	};
	rootObject = 80D86CBF19C460C500F565AC /* Project object */;
}
